
Microsoft Visual Studio Solution File, Format Version 12.00
# Visual Studio Version 17
VisualStudioVersion = 17.0.31903.59
MinimumVisualStudioVersion = 10.0.40219.1
Project("{FAE04EC0-301F-11D3-BF4B-00C04F79EFBC}") = "DelegatesCsharp", "DelegatesCsharp\DelegatesCsharp.csproj", "{C449E64F-2F5B-4B73-A926-1E7FBA303C92}"
EndProject
Project("{FAE04EC0-301F-11D3-BF4B-00C04F79EFBC}") = "MulticastDelegateCsharp", "MulticastDelegateCsharp\MulticastDelegateCsharp.csproj", "{B6883295-11FD-4A9C-8F03-ECF57122EEF0}"
EndProject
Project("{FAE04EC0-301F-11D3-BF4B-00C04F79EFBC}") = "DelegatesRealTimeExampleCsharp", "DelegatesRealTimeExampleCsharp\DelegatesRealTimeExampleCsharp.csproj", "{2885F727-43C4-4394-9E57-A67AEAFE8424}"
EndProject
Project("{FAE04EC0-301F-11D3-BF4B-00C04F79EFBC}") = "GenericDelegatesCsharp", "GenericDelegatesCsharp\GenericDelegatesCsharp.csproj", "{2B189E59-B63F-4A92-A501-50B594E90AD2}"
EndProject
Global
	GlobalSection(SolutionConfigurationPlatforms) = preSolution
		Debug|Any CPU = Debug|Any CPU
		Debug|x64 = Debug|x64
		Debug|x86 = Debug|x86
		Release|Any CPU = Release|Any CPU
		Release|x64 = Release|x64
		Release|x86 = Release|x86
	EndGlobalSection
	GlobalSection(ProjectConfigurationPlatforms) = postSolution
		{C449E64F-2F5B-4B73-A926-1E7FBA303C92}.Debug|Any CPU.ActiveCfg = Debug|Any CPU
		{C449E64F-2F5B-4B73-A926-1E7FBA303C92}.Debug|Any CPU.Build.0 = Debug|Any CPU
		{C449E64F-2F5B-4B73-A926-1E7FBA303C92}.Debug|x64.ActiveCfg = Debug|Any CPU
		{C449E64F-2F5B-4B73-A926-1E7FBA303C92}.Debug|x64.Build.0 = Debug|Any CPU
		{C449E64F-2F5B-4B73-A926-1E7FBA303C92}.Debug|x86.ActiveCfg = Debug|Any CPU
		{C449E64F-2F5B-4B73-A926-1E7FBA303C92}.Debug|x86.Build.0 = Debug|Any CPU
		{C449E64F-2F5B-4B73-A926-1E7FBA303C92}.Release|Any CPU.ActiveCfg = Release|Any CPU
		{C449E64F-2F5B-4B73-A926-1E7FBA303C92}.Release|Any CPU.Build.0 = Release|Any CPU
		{C449E64F-2F5B-4B73-A926-1E7FBA303C92}.Release|x64.ActiveCfg = Release|Any CPU
		{C449E64F-2F5B-4B73-A926-1E7FBA303C92}.Release|x64.Build.0 = Release|Any CPU
		{C449E64F-2F5B-4B73-A926-1E7FBA303C92}.Release|x86.ActiveCfg = Release|Any CPU
		{C449E64F-2F5B-4B73-A926-1E7FBA303C92}.Release|x86.Build.0 = Release|Any CPU
		{B6883295-11FD-4A9C-8F03-ECF57122EEF0}.Debug|Any CPU.ActiveCfg = Debug|Any CPU
		{B6883295-11FD-4A9C-8F03-ECF57122EEF0}.Debug|Any CPU.Build.0 = Debug|Any CPU
		{B6883295-11FD-4A9C-8F03-ECF57122EEF0}.Debug|x64.ActiveCfg = Debug|Any CPU
		{B6883295-11FD-4A9C-8F03-ECF57122EEF0}.Debug|x64.Build.0 = Debug|Any CPU
		{B6883295-11FD-4A9C-8F03-ECF57122EEF0}.Debug|x86.ActiveCfg = Debug|Any CPU
		{B6883295-11FD-4A9C-8F03-ECF57122EEF0}.Debug|x86.Build.0 = Debug|Any CPU
		{B6883295-11FD-4A9C-8F03-ECF57122EEF0}.Release|Any CPU.ActiveCfg = Release|Any CPU
		{B6883295-11FD-4A9C-8F03-ECF57122EEF0}.Release|Any CPU.Build.0 = Release|Any CPU
		{B6883295-11FD-4A9C-8F03-ECF57122EEF0}.Release|x64.ActiveCfg = Release|Any CPU
		{B6883295-11FD-4A9C-8F03-ECF57122EEF0}.Release|x64.Build.0 = Release|Any CPU
		{B6883295-11FD-4A9C-8F03-ECF57122EEF0}.Release|x86.ActiveCfg = Release|Any CPU
		{B6883295-11FD-4A9C-8F03-ECF57122EEF0}.Release|x86.Build.0 = Release|Any CPU
		{2885F727-43C4-4394-9E57-A67AEAFE8424}.Debug|Any CPU.ActiveCfg = Debug|Any CPU
		{2885F727-43C4-4394-9E57-A67AEAFE8424}.Debug|Any CPU.Build.0 = Debug|Any CPU
		{2885F727-43C4-4394-9E57-A67AEAFE8424}.Debug|x64.ActiveCfg = Debug|Any CPU
		{2885F727-43C4-4394-9E57-A67AEAFE8424}.Debug|x64.Build.0 = Debug|Any CPU
		{2885F727-43C4-4394-9E57-A67AEAFE8424}.Debug|x86.ActiveCfg = Debug|Any CPU
		{2885F727-43C4-4394-9E57-A67AEAFE8424}.Debug|x86.Build.0 = Debug|Any CPU
		{2885F727-43C4-4394-9E57-A67AEAFE8424}.Release|Any CPU.ActiveCfg = Release|Any CPU
		{2885F727-43C4-4394-9E57-A67AEAFE8424}.Release|Any CPU.Build.0 = Release|Any CPU
		{2885F727-43C4-4394-9E57-A67AEAFE8424}.Release|x64.ActiveCfg = Release|Any CPU
		{2885F727-43C4-4394-9E57-A67AEAFE8424}.Release|x64.Build.0 = Release|Any CPU
		{2885F727-43C4-4394-9E57-A67AEAFE8424}.Release|x86.ActiveCfg = Release|Any CPU
		{2885F727-43C4-4394-9E57-A67AEAFE8424}.Release|x86.Build.0 = Release|Any CPU
		{2B189E59-B63F-4A92-A501-50B594E90AD2}.Debug|Any CPU.ActiveCfg = Debug|Any CPU
		{2B189E59-B63F-4A92-A501-50B594E90AD2}.Debug|Any CPU.Build.0 = Debug|Any CPU
		{2B189E59-B63F-4A92-A501-50B594E90AD2}.Debug|x64.ActiveCfg = Debug|Any CPU
		{2B189E59-B63F-4A92-A501-50B594E90AD2}.Debug|x64.Build.0 = Debug|Any CPU
		{2B189E59-B63F-4A92-A501-50B594E90AD2}.Debug|x86.ActiveCfg = Debug|Any CPU
		{2B189E59-B63F-4A92-A501-50B594E90AD2}.Debug|x86.Build.0 = Debug|Any CPU
		{2B189E59-B63F-4A92-A501-50B594E90AD2}.Release|Any CPU.ActiveCfg = Release|Any CPU
		{2B189E59-B63F-4A92-A501-50B594E90AD2}.Release|Any CPU.Build.0 = Release|Any CPU
		{2B189E59-B63F-4A92-A501-50B594E90AD2}.Release|x64.ActiveCfg = Release|Any CPU
		{2B189E59-B63F-4A92-A501-50B594E90AD2}.Release|x64.Build.0 = Release|Any CPU
		{2B189E59-B63F-4A92-A501-50B594E90AD2}.Release|x86.ActiveCfg = Release|Any CPU
		{2B189E59-B63F-4A92-A501-50B594E90AD2}.Release|x86.Build.0 = Release|Any CPU
	EndGlobalSection
	GlobalSection(SolutionProperties) = preSolution
		HideSolutionNode = FALSE
	EndGlobalSection
EndGlobal
